// !$*UTF8*$!
{
	archiveVersion = 1;
	classes = {
	};
	objectVersion = 56;
	objects = {

/* Begin PBXBuildFile section */
		1F2E677828FC14B60031941D /* CryptoWalletApp.swift in Sources */ = {isa = PBXBuildFile; fileRef = 1F2E677728FC14B60031941D /* CryptoWalletApp.swift */; };
		1F2E677A28FC14B60031941D /* ContentView.swift in Sources */ = {isa = PBXBuildFile; fileRef = 1F2E677928FC14B60031941D /* ContentView.swift */; };
		1F2E677C28FC14B80031941D /* Assets.xcassets in Resources */ = {isa = PBXBuildFile; fileRef = 1F2E677B28FC14B80031941D /* Assets.xcassets */; };
		1F2E677F28FC14B80031941D /* Preview Assets.xcassets in Resources */ = {isa = PBXBuildFile; fileRef = 1F2E677E28FC14B80031941D /* Preview Assets.xcassets */; };
		1F2E678728FC15310031941D /* Color.swift in Sources */ = {isa = PBXBuildFile; fileRef = 1F2E678628FC15310031941D /* Color.swift */; };
		1F2E678D28FC178B0031941D /* HomeView.swift in Sources */ = {isa = PBXBuildFile; fileRef = 1F2E678C28FC178B0031941D /* HomeView.swift */; };
		1F2E679128FC187A0031941D /* CircleButtonView.swift in Sources */ = {isa = PBXBuildFile; fileRef = 1F2E679028FC187A0031941D /* CircleButtonView.swift */; };
		1F2E679328FC1DA60031941D /* CircleButtonAnimationView.swift in Sources */ = {isa = PBXBuildFile; fileRef = 1F2E679228FC1DA60031941D /* CircleButtonAnimationView.swift */; };
		1F2E679628FC27660031941D /* CoinModel.swift in Sources */ = {isa = PBXBuildFile; fileRef = 1F2E679528FC27660031941D /* CoinModel.swift */; };
		1F2E679828FC2BEF0031941D /* CoinRowView.swift in Sources */ = {isa = PBXBuildFile; fileRef = 1F2E679728FC2BEF0031941D /* CoinRowView.swift */; };
		1F2E679A28FC2C160031941D /* PreviewProvider+Extensions.swift in Sources */ = {isa = PBXBuildFile; fileRef = 1F2E679928FC2C160031941D /* PreviewProvider+Extensions.swift */; };
		1F2E679C28FC2FD10031941D /* Double+Extensions.swift in Sources */ = {isa = PBXBuildFile; fileRef = 1F2E679B28FC2FD10031941D /* Double+Extensions.swift */; };
		1F2E679E28FC3BD30031941D /* HomeViewModel.swift in Sources */ = {isa = PBXBuildFile; fileRef = 1F2E679D28FC3BD30031941D /* HomeViewModel.swift */; };
		1FB0906228FC531E005EDAE6 /* CoinManager.swift in Sources */ = {isa = PBXBuildFile; fileRef = 1FB0906128FC531E005EDAE6 /* CoinManager.swift */; };
		1FB0906528FC6020005EDAE6 /* CoinImageView.swift in Sources */ = {isa = PBXBuildFile; fileRef = 1FB0906428FC601F005EDAE6 /* CoinImageView.swift */; };
		1FB0906A28FC6264005EDAE6 /* CoinImageService.swift in Sources */ = {isa = PBXBuildFile; fileRef = 1FB0906928FC6264005EDAE6 /* CoinImageService.swift */; };
		1FB0906C28FC655B005EDAE6 /* ImageManager.swift in Sources */ = {isa = PBXBuildFile; fileRef = 1FB0906B28FC655B005EDAE6 /* ImageManager.swift */; };
		1FB0906E28FC70AA005EDAE6 /* CoinImageViewModel.swift in Sources */ = {isa = PBXBuildFile; fileRef = 1FB0906D28FC70AA005EDAE6 /* CoinImageViewModel.swift */; };
		1FD9245628FC417700E87611 /* CoinDataService.swift in Sources */ = {isa = PBXBuildFile; fileRef = 1FD9245528FC417700E87611 /* CoinDataService.swift */; };
		1FD9245928FC455600E87611 /* HomeViewComposer.swift in Sources */ = {isa = PBXBuildFile; fileRef = 1FD9245828FC455600E87611 /* HomeViewComposer.swift */; };
/* End PBXBuildFile section */

/* Begin PBXFileReference section */
		1F2E677428FC14B60031941D /* CryptoWallet.app */ = {isa = PBXFileReference; explicitFileType = wrapper.application; includeInIndex = 0; path = CryptoWallet.app; sourceTree = BUILT_PRODUCTS_DIR; };
		1F2E677728FC14B60031941D /* CryptoWalletApp.swift */ = {isa = PBXFileReference; lastKnownFileType = sourcecode.swift; path = CryptoWalletApp.swift; sourceTree = "<group>"; };
		1F2E677928FC14B60031941D /* ContentView.swift */ = {isa = PBXFileReference; lastKnownFileType = sourcecode.swift; path = ContentView.swift; sourceTree = "<group>"; };
		1F2E677B28FC14B80031941D /* Assets.xcassets */ = {isa = PBXFileReference; lastKnownFileType = folder.assetcatalog; path = Assets.xcassets; sourceTree = "<group>"; };
		1F2E677E28FC14B80031941D /* Preview Assets.xcassets */ = {isa = PBXFileReference; lastKnownFileType = folder.assetcatalog; path = "Preview Assets.xcassets"; sourceTree = "<group>"; };
		1F2E678628FC15310031941D /* Color.swift */ = {isa = PBXFileReference; lastKnownFileType = sourcecode.swift; path = Color.swift; sourceTree = "<group>"; };
		1F2E678C28FC178B0031941D /* HomeView.swift */ = {isa = PBXFileReference; lastKnownFileType = sourcecode.swift; path = HomeView.swift; sourceTree = "<group>"; };
		1F2E679028FC187A0031941D /* CircleButtonView.swift */ = {isa = PBXFileReference; lastKnownFileType = sourcecode.swift; path = CircleButtonView.swift; sourceTree = "<group>"; };
		1F2E679228FC1DA60031941D /* CircleButtonAnimationView.swift */ = {isa = PBXFileReference; lastKnownFileType = sourcecode.swift; path = CircleButtonAnimationView.swift; sourceTree = "<group>"; };
		1F2E679528FC27660031941D /* CoinModel.swift */ = {isa = PBXFileReference; lastKnownFileType = sourcecode.swift; path = CoinModel.swift; sourceTree = "<group>"; };
		1F2E679728FC2BEF0031941D /* CoinRowView.swift */ = {isa = PBXFileReference; lastKnownFileType = sourcecode.swift; path = CoinRowView.swift; sourceTree = "<group>"; };
		1F2E679928FC2C160031941D /* PreviewProvider+Extensions.swift */ = {isa = PBXFileReference; lastKnownFileType = sourcecode.swift; path = "PreviewProvider+Extensions.swift"; sourceTree = "<group>"; };
		1F2E679B28FC2FD10031941D /* Double+Extensions.swift */ = {isa = PBXFileReference; lastKnownFileType = sourcecode.swift; path = "Double+Extensions.swift"; sourceTree = "<group>"; };
		1F2E679D28FC3BD30031941D /* HomeViewModel.swift */ = {isa = PBXFileReference; lastKnownFileType = sourcecode.swift; path = HomeViewModel.swift; sourceTree = "<group>"; };
		1FB0906128FC531E005EDAE6 /* CoinManager.swift */ = {isa = PBXFileReference; lastKnownFileType = sourcecode.swift; path = CoinManager.swift; sourceTree = "<group>"; };
		1FB0906428FC601F005EDAE6 /* CoinImageView.swift */ = {isa = PBXFileReference; lastKnownFileType = sourcecode.swift; path = CoinImageView.swift; sourceTree = "<group>"; };
		1FB0906928FC6264005EDAE6 /* CoinImageService.swift */ = {isa = PBXFileReference; lastKnownFileType = sourcecode.swift; path = CoinImageService.swift; sourceTree = "<group>"; };
		1FB0906B28FC655B005EDAE6 /* ImageManager.swift */ = {isa = PBXFileReference; lastKnownFileType = sourcecode.swift; path = ImageManager.swift; sourceTree = "<group>"; };
		1FB0906D28FC70AA005EDAE6 /* CoinImageViewModel.swift */ = {isa = PBXFileReference; lastKnownFileType = sourcecode.swift; path = CoinImageViewModel.swift; sourceTree = "<group>"; };
		1FD9245528FC417700E87611 /* CoinDataService.swift */ = {isa = PBXFileReference; lastKnownFileType = sourcecode.swift; path = CoinDataService.swift; sourceTree = "<group>"; };
		1FD9245828FC455600E87611 /* HomeViewComposer.swift */ = {isa = PBXFileReference; lastKnownFileType = sourcecode.swift; path = HomeViewComposer.swift; sourceTree = "<group>"; };
/* End PBXFileReference section */

/* Begin PBXFrameworksBuildPhase section */
		1F2E677128FC14B60031941D /* Frameworks */ = {
			isa = PBXFrameworksBuildPhase;
			buildActionMask = 2147483647;
			files = (
			);
			runOnlyForDeploymentPostprocessing = 0;
		};
/* End PBXFrameworksBuildPhase section */

/* Begin PBXGroup section */
		1F2E676B28FC14B60031941D = {
			isa = PBXGroup;
			children = (
				1F2E677628FC14B60031941D /* CryptoWallet */,
				1F2E677528FC14B60031941D /* Products */,
			);
			sourceTree = "<group>";
		};
		1F2E677528FC14B60031941D /* Products */ = {
			isa = PBXGroup;
			children = (
				1F2E677428FC14B60031941D /* CryptoWallet.app */,
			);
			name = Products;
			sourceTree = "<group>";
		};
		1F2E677628FC14B60031941D /* CryptoWallet */ = {
			isa = PBXGroup;
			children = (
				1F2E677728FC14B60031941D /* CryptoWalletApp.swift */,
				1FD9245728FC454B00E87611 /* Composer */,
				1F2E678528FC15270031941D /* Extensions */,
				1F2E679428FC275A0031941D /* Models */,
				1FB0906028FC5308005EDAE6 /* NetworkLayer */,
				1F2E67A028FC413E0031941D /* Service */,
				1F2E678828FC17560031941D /* Core */,
				1F2E677928FC14B60031941D /* ContentView.swift */,
				1F2E677B28FC14B80031941D /* Assets.xcassets */,
				1F2E677D28FC14B80031941D /* Preview Content */,
			);
			path = CryptoWallet;
			sourceTree = "<group>";
		};
		1F2E677D28FC14B80031941D /* Preview Content */ = {
			isa = PBXGroup;
			children = (
				1F2E677E28FC14B80031941D /* Preview Assets.xcassets */,
			);
			path = "Preview Content";
			sourceTree = "<group>";
		};
		1F2E678528FC15270031941D /* Extensions */ = {
			isa = PBXGroup;
			children = (
				1F2E678628FC15310031941D /* Color.swift */,
				1F2E679928FC2C160031941D /* PreviewProvider+Extensions.swift */,
				1F2E679B28FC2FD10031941D /* Double+Extensions.swift */,
			);
			path = Extensions;
			sourceTree = "<group>";
		};
		1F2E678828FC17560031941D /* Core */ = {
			isa = PBXGroup;
			children = (
				1F2E678E28FC18410031941D /* Components */,
				1F2E678928FC17620031941D /* Home */,
			);
			path = Core;
			sourceTree = "<group>";
		};
		1F2E678928FC17620031941D /* Home */ = {
			isa = PBXGroup;
			children = (
				1F2E678B28FC17770031941D /* ViewModels */,
				1F2E678A28FC176C0031941D /* Views */,
			);
			path = Home;
			sourceTree = "<group>";
		};
		1F2E678A28FC176C0031941D /* Views */ = {
			isa = PBXGroup;
			children = (
				1F2E678C28FC178B0031941D /* HomeView.swift */,
				1F2E679728FC2BEF0031941D /* CoinRowView.swift */,
			);
			path = Views;
			sourceTree = "<group>";
		};
		1F2E678B28FC17770031941D /* ViewModels */ = {
			isa = PBXGroup;
			children = (
				1F2E679D28FC3BD30031941D /* HomeViewModel.swift */,
			);
			path = ViewModels;
			sourceTree = "<group>";
		};
		1F2E678E28FC18410031941D /* Components */ = {
			isa = PBXGroup;
			children = (
				1FB0906328FC6016005EDAE6 /* CoinImage */,
				1F2E678F28FC18600031941D /* CircleButton */,
			);
			path = Components;
			sourceTree = "<group>";
		};
		1F2E678F28FC18600031941D /* CircleButton */ = {
			isa = PBXGroup;
			children = (
				1F2E679028FC187A0031941D /* CircleButtonView.swift */,
				1F2E679228FC1DA60031941D /* CircleButtonAnimationView.swift */,
			);
			path = CircleButton;
			sourceTree = "<group>";
		};
		1F2E679428FC275A0031941D /* Models */ = {
			isa = PBXGroup;
			children = (
				1F2E679528FC27660031941D /* CoinModel.swift */,
			);
			path = Models;
			sourceTree = "<group>";
		};
		1F2E67A028FC413E0031941D /* Service */ = {
			isa = PBXGroup;
			children = (
				1FD9245528FC417700E87611 /* CoinDataService.swift */,
				1FB0906928FC6264005EDAE6 /* CoinImageService.swift */,
			);
			path = Service;
			sourceTree = "<group>";
		};
		1FB0906028FC5308005EDAE6 /* NetworkLayer */ = {
			isa = PBXGroup;
			children = (
				1FB0906128FC531E005EDAE6 /* CoinManager.swift */,
				1FB0906B28FC655B005EDAE6 /* ImageManager.swift */,
			);
			path = NetworkLayer;
			sourceTree = "<group>";
		};
		1FB0906328FC6016005EDAE6 /* CoinImage */ = {
			isa = PBXGroup;
			children = (
				1FB0906428FC601F005EDAE6 /* CoinImageView.swift */,
				1FB0906D28FC70AA005EDAE6 /* CoinImageViewModel.swift */,
			);
			path = CoinImage;
			sourceTree = "<group>";
		};
		1FD9245728FC454B00E87611 /* Composer */ = {
			isa = PBXGroup;
			children = (
				1FD9245828FC455600E87611 /* HomeViewComposer.swift */,
			);
			path = Composer;
			sourceTree = "<group>";
		};
/* End PBXGroup section */

/* Begin PBXNativeTarget section */
		1F2E677328FC14B60031941D /* CryptoWallet */ = {
			isa = PBXNativeTarget;
			buildConfigurationList = 1F2E678228FC14B80031941D /* Build configuration list for PBXNativeTarget "CryptoWallet" */;
			buildPhases = (
				1F2E677028FC14B60031941D /* Sources */,
				1F2E677128FC14B60031941D /* Frameworks */,
				1F2E677228FC14B60031941D /* Resources */,
			);
			buildRules = (
			);
			dependencies = (
			);
			name = CryptoWallet;
			productName = CryptoWallet;
			productReference = 1F2E677428FC14B60031941D /* CryptoWallet.app */;
			productType = "com.apple.product-type.application";
		};
/* End PBXNativeTarget section */

/* Begin PBXProject section */
		1F2E676C28FC14B60031941D /* Project object */ = {
			isa = PBXProject;
			attributes = {
				BuildIndependentTargetsInParallel = 1;
				LastSwiftUpdateCheck = 1400;
				LastUpgradeCheck = 1400;
				TargetAttributes = {
					1F2E677328FC14B60031941D = {
						CreatedOnToolsVersion = 14.0.1;
					};
				};
			};
			buildConfigurationList = 1F2E676F28FC14B60031941D /* Build configuration list for PBXProject "CryptoWallet" */;
			compatibilityVersion = "Xcode 14.0";
			developmentRegion = en;
			hasScannedForEncodings = 0;
			knownRegions = (
				en,
				Base,
			);
			mainGroup = 1F2E676B28FC14B60031941D;
			productRefGroup = 1F2E677528FC14B60031941D /* Products */;
			projectDirPath = "";
			projectRoot = "";
			targets = (
				1F2E677328FC14B60031941D /* CryptoWallet */,
			);
		};
/* End PBXProject section */

/* Begin PBXResourcesBuildPhase section */
		1F2E677228FC14B60031941D /* Resources */ = {
			isa = PBXResourcesBuildPhase;
			buildActionMask = 2147483647;
			files = (
				1F2E677F28FC14B80031941D /* Preview Assets.xcassets in Resources */,
				1F2E677C28FC14B80031941D /* Assets.xcassets in Resources */,
			);
			runOnlyForDeploymentPostprocessing = 0;
		};
/* End PBXResourcesBuildPhase section */

/* Begin PBXSourcesBuildPhase section */
		1F2E677028FC14B60031941D /* Sources */ = {
			isa = PBXSourcesBuildPhase;
			buildActionMask = 2147483647;
			files = (
				1FD9245928FC455600E87611 /* HomeViewComposer.swift in Sources */,
				1FD9245628FC417700E87611 /* CoinDataService.swift in Sources */,
				1F2E679828FC2BEF0031941D /* CoinRowView.swift in Sources */,
				1FB0906C28FC655B005EDAE6 /* ImageManager.swift in Sources */,
				1F2E679E28FC3BD30031941D /* HomeViewModel.swift in Sources */,
				1F2E677A28FC14B60031941D /* ContentView.swift in Sources */,
				1F2E678D28FC178B0031941D /* HomeView.swift in Sources */,
				1FB0906A28FC6264005EDAE6 /* CoinImageService.swift in Sources */,
				1F2E677828FC14B60031941D /* CryptoWalletApp.swift in Sources */,
				1F2E679C28FC2FD10031941D /* Double+Extensions.swift in Sources */,
				1F2E679628FC27660031941D /* CoinModel.swift in Sources */,
				1F2E679A28FC2C160031941D /* PreviewProvider+Extensions.swift in Sources */,
				1FB0906228FC531E005EDAE6 /* CoinManager.swift in Sources */,
				1FB0906528FC6020005EDAE6 /* CoinImageView.swift in Sources */,
				1F2E679128FC187A0031941D /* CircleButtonView.swift in Sources */,
				1FB0906E28FC70AA005EDAE6 /* CoinImageViewModel.swift in Sources */,
				1F2E678728FC15310031941D /* Color.swift in Sources */,
				1F2E679328FC1DA60031941D /* CircleButtonAnimationView.swift in Sources */,
			);
			runOnlyForDeploymentPostprocessing = 0;
		};
/* End PBXSourcesBuildPhase section */

/* Begin XCBuildConfiguration section */
		1F2E678028FC14B80031941D /* Debug */ = {
			isa = XCBuildConfiguration;
			buildSettings = {
				ALWAYS_SEARCH_USER_PATHS = NO;
				CLANG_ANALYZER_NONNULL = YES;
				CLANG_ANALYZER_NUMBER_OBJECT_CONVERSION = YES_AGGRESSIVE;
				CLANG_CXX_LANGUAGE_STANDARD = "gnu++20";
				CLANG_ENABLE_MODULES = YES;
				CLANG_ENABLE_OBJC_ARC = YES;
				CLANG_ENABLE_OBJC_WEAK = YES;
				CLANG_WARN_BLOCK_CAPTURE_AUTORELEASING = YES;
				CLANG_WARN_BOOL_CONVERSION = YES;
				CLANG_WARN_COMMA = YES;
				CLANG_WARN_CONSTANT_CONVERSION = YES;
				CLANG_WARN_DEPRECATED_OBJC_IMPLEMENTATIONS = YES;
				CLANG_WARN_DIRECT_OBJC_ISA_USAGE = YES_ERROR;
				CLANG_WARN_DOCUMENTATION_COMMENTS = YES;
				CLANG_WARN_EMPTY_BODY = YES;
				CLANG_WARN_ENUM_CONVERSION = YES;
				CLANG_WARN_INFINITE_RECURSION = YES;
				CLANG_WARN_INT_CONVERSION = YES;
				CLANG_WARN_NON_LITERAL_NULL_CONVERSION = YES;
				CLANG_WARN_OBJC_IMPLICIT_RETAIN_SELF = YES;
				CLANG_WARN_OBJC_LITERAL_CONVERSION = YES;
				CLANG_WARN_OBJC_ROOT_CLASS = YES_ERROR;
				CLANG_WARN_QUOTED_INCLUDE_IN_FRAMEWORK_HEADER = YES;
				CLANG_WARN_RANGE_LOOP_ANALYSIS = YES;
				CLANG_WARN_STRICT_PROTOTYPES = YES;
				CLANG_WARN_SUSPICIOUS_MOVE = YES;
				CLANG_WARN_UNGUARDED_AVAILABILITY = YES_AGGRESSIVE;
				CLANG_WARN_UNREACHABLE_CODE = YES;
				CLANG_WARN__DUPLICATE_METHOD_MATCH = YES;
				COPY_PHASE_STRIP = NO;
				DEBUG_INFORMATION_FORMAT = dwarf;
				ENABLE_STRICT_OBJC_MSGSEND = YES;
				ENABLE_TESTABILITY = YES;
				GCC_C_LANGUAGE_STANDARD = gnu11;
				GCC_DYNAMIC_NO_PIC = NO;
				GCC_NO_COMMON_BLOCKS = YES;
				GCC_OPTIMIZATION_LEVEL = 0;
				GCC_PREPROCESSOR_DEFINITIONS = (
					"DEBUG=1",
					"$(inherited)",
				);
				GCC_WARN_64_TO_32_BIT_CONVERSION = YES;
				GCC_WARN_ABOUT_RETURN_TYPE = YES_ERROR;
				GCC_WARN_UNDECLARED_SELECTOR = YES;
				GCC_WARN_UNINITIALIZED_AUTOS = YES_AGGRESSIVE;
				GCC_WARN_UNUSED_FUNCTION = YES;
				GCC_WARN_UNUSED_VARIABLE = YES;
				IPHONEOS_DEPLOYMENT_TARGET = 16.0;
				MTL_ENABLE_DEBUG_INFO = INCLUDE_SOURCE;
				MTL_FAST_MATH = YES;
				ONLY_ACTIVE_ARCH = YES;
				SDKROOT = iphoneos;
				SWIFT_ACTIVE_COMPILATION_CONDITIONS = DEBUG;
				SWIFT_OPTIMIZATION_LEVEL = "-Onone";
			};
			name = Debug;
		};
		1F2E678128FC14B80031941D /* Release */ = {
			isa = XCBuildConfiguration;
			buildSettings = {
				ALWAYS_SEARCH_USER_PATHS = NO;
				CLANG_ANALYZER_NONNULL = YES;
				CLANG_ANALYZER_NUMBER_OBJECT_CONVERSION = YES_AGGRESSIVE;
				CLANG_CXX_LANGUAGE_STANDARD = "gnu++20";
				CLANG_ENABLE_MODULES = YES;
				CLANG_ENABLE_OBJC_ARC = YES;
				CLANG_ENABLE_OBJC_WEAK = YES;
				CLANG_WARN_BLOCK_CAPTURE_AUTORELEASING = YES;
				CLANG_WARN_BOOL_CONVERSION = YES;
				CLANG_WARN_COMMA = YES;
				CLANG_WARN_CONSTANT_CONVERSION = YES;
				CLANG_WARN_DEPRECATED_OBJC_IMPLEMENTATIONS = YES;
				CLANG_WARN_DIRECT_OBJC_ISA_USAGE = YES_ERROR;
				CLANG_WARN_DOCUMENTATION_COMMENTS = YES;
				CLANG_WARN_EMPTY_BODY = YES;
				CLANG_WARN_ENUM_CONVERSION = YES;
				CLANG_WARN_INFINITE_RECURSION = YES;
				CLANG_WARN_INT_CONVERSION = YES;
				CLANG_WARN_NON_LITERAL_NULL_CONVERSION = YES;
				CLANG_WARN_OBJC_IMPLICIT_RETAIN_SELF = YES;
				CLANG_WARN_OBJC_LITERAL_CONVERSION = YES;
				CLANG_WARN_OBJC_ROOT_CLASS = YES_ERROR;
				CLANG_WARN_QUOTED_INCLUDE_IN_FRAMEWORK_HEADER = YES;
				CLANG_WARN_RANGE_LOOP_ANALYSIS = YES;
				CLANG_WARN_STRICT_PROTOTYPES = YES;
				CLANG_WARN_SUSPICIOUS_MOVE = YES;
				CLANG_WARN_UNGUARDED_AVAILABILITY = YES_AGGRESSIVE;
				CLANG_WARN_UNREACHABLE_CODE = YES;
				CLANG_WARN__DUPLICATE_METHOD_MATCH = YES;
				COPY_PHASE_STRIP = NO;
				DEBUG_INFORMATION_FORMAT = "dwarf-with-dsym";
				ENABLE_NS_ASSERTIONS = NO;
				ENABLE_STRICT_OBJC_MSGSEND = YES;
				GCC_C_LANGUAGE_STANDARD = gnu11;
				GCC_NO_COMMON_BLOCKS = YES;
				GCC_WARN_64_TO_32_BIT_CONVERSION = YES;
				GCC_WARN_ABOUT_RETURN_TYPE = YES_ERROR;
				GCC_WARN_UNDECLARED_SELECTOR = YES;
				GCC_WARN_UNINITIALIZED_AUTOS = YES_AGGRESSIVE;
				GCC_WARN_UNUSED_FUNCTION = YES;
				GCC_WARN_UNUSED_VARIABLE = YES;
				IPHONEOS_DEPLOYMENT_TARGET = 16.0;
				MTL_ENABLE_DEBUG_INFO = NO;
				MTL_FAST_MATH = YES;
				SDKROOT = iphoneos;
				SWIFT_COMPILATION_MODE = wholemodule;
				SWIFT_OPTIMIZATION_LEVEL = "-O";
				VALIDATE_PRODUCT = YES;
			};
			name = Release;
		};
		1F2E678328FC14B80031941D /* Debug */ = {
			isa = XCBuildConfiguration;
			buildSettings = {
				ASSETCATALOG_COMPILER_APPICON_NAME = AppIcon;
				ASSETCATALOG_COMPILER_GLOBAL_ACCENT_COLOR_NAME = AccentColor;
				CODE_SIGN_STYLE = Automatic;
				CURRENT_PROJECT_VERSION = 1;
				DEVELOPMENT_ASSET_PATHS = "\"CryptoWallet/Preview Content\"";
				DEVELOPMENT_TEAM = S357Q5BVQT;
				ENABLE_PREVIEWS = YES;
				GENERATE_INFOPLIST_FILE = YES;
				INFOPLIST_KEY_UIApplicationSceneManifest_Generation = YES;
				INFOPLIST_KEY_UIApplicationSupportsIndirectInputEvents = YES;
				INFOPLIST_KEY_UILaunchScreen_Generation = YES;
				INFOPLIST_KEY_UISupportedInterfaceOrientations = UIInterfaceOrientationPortrait;
				LD_RUNPATH_SEARCH_PATHS = (
					"$(inherited)",
					"@executable_path/Frameworks",
				);
				MARKETING_VERSION = 1.0;
				PRODUCT_BUNDLE_IDENTIFIER = cryptoWallet.CryptoWallet;
				PRODUCT_NAME = "$(TARGET_NAME)";
				SWIFT_EMIT_LOC_STRINGS = YES;
				SWIFT_VERSION = 5.0;
				TARGETED_DEVICE_FAMILY = "1,2";
			};
			name = Debug;
		};
		1F2E678428FC14B80031941D /* Release */ = {
			isa = XCBuildConfiguration;
			buildSettings = {
				ASSETCATALOG_COMPILER_APPICON_NAME = AppIcon;
				ASSETCATALOG_COMPILER_GLOBAL_ACCENT_COLOR_NAME = AccentColor;
				CODE_SIGN_STYLE = Automatic;
				CURRENT_PROJECT_VERSION = 1;
				DEVELOPMENT_ASSET_PATHS = "\"CryptoWallet/Preview Content\"";
				DEVELOPMENT_TEAM = S357Q5BVQT;
				ENABLE_PREVIEWS = YES;
				GENERATE_INFOPLIST_FILE = YES;
				INFOPLIST_KEY_UIApplicationSceneManifest_Generation = YES;
				INFOPLIST_KEY_UIApplicationSupportsIndirectInputEvents = YES;
				INFOPLIST_KEY_UILaunchScreen_Generation = YES;
				INFOPLIST_KEY_UISupportedInterfaceOrientations = UIInterfaceOrientationPortrait;
				LD_RUNPATH_SEARCH_PATHS = (
					"$(inherited)",
					"@executable_path/Frameworks",
				);
				MARKETING_VERSION = 1.0;
				PRODUCT_BUNDLE_IDENTIFIER = cryptoWallet.CryptoWallet;
				PRODUCT_NAME = "$(TARGET_NAME)";
				SWIFT_EMIT_LOC_STRINGS = YES;
				SWIFT_VERSION = 5.0;
				TARGETED_DEVICE_FAMILY = "1,2";
			};
			name = Release;
		};
/* End XCBuildConfiguration section */

/* Begin XCConfigurationList section */
		1F2E676F28FC14B60031941D /* Build configuration list for PBXProject "CryptoWallet" */ = {
			isa = XCConfigurationList;
			buildConfigurations = (
				1F2E678028FC14B80031941D /* Debug */,
				1F2E678128FC14B80031941D /* Release */,
			);
			defaultConfigurationIsVisible = 0;
			defaultConfigurationName = Release;
		};
		1F2E678228FC14B80031941D /* Build configuration list for PBXNativeTarget "CryptoWallet" */ = {
			isa = XCConfigurationList;
			buildConfigurations = (
				1F2E678328FC14B80031941D /* Debug */,
				1F2E678428FC14B80031941D /* Release */,
			);
			defaultConfigurationIsVisible = 0;
			defaultConfigurationName = Release;
		};
/* End XCConfigurationList section */
	};
	rootObject = 1F2E676C28FC14B60031941D /* Project object */;
}
